// !$*UTF8*$!
{
	archiveVersion = 1;
	classes = {
	};
	objectVersion = 50;
	objects = {

/* Begin PBXBuildFile section */
		430ECA7D2097834C00C3D805 /* TeachViewController.swift in Sources */ = {isa = PBXBuildFile; fileRef = 430ECA7C2097834C00C3D805 /* TeachViewController.swift */; };
		4338EF2820969D4A006A035F /* MyClassesViewController.swift in Sources */ = {isa = PBXBuildFile; fileRef = 4338EF2720969D4A006A035F /* MyClassesViewController.swift */; };
		52ADB01597469977E185F654 /* Pods_Mentor_me.framework in Frameworks */ = {isa = PBXBuildFile; fileRef = 82D29C7DB980914682EB642A /* Pods_Mentor_me.framework */; };
		A41C5562208BF8F00042B46C /* SignUpViewController.swift in Sources */ = {isa = PBXBuildFile; fileRef = A41C555E208BF8EF0042B46C /* SignUpViewController.swift */; };
		A41C5564208BF8F00042B46C /* LoginViewController.swift in Sources */ = {isa = PBXBuildFile; fileRef = A41C5560208BF8F00042B46C /* LoginViewController.swift */; };
		A41C5565208BF8F00042B46C /* ResetPasswordViewController.swift in Sources */ = {isa = PBXBuildFile; fileRef = A41C5561208BF8F00042B46C /* ResetPasswordViewController.swift */; };
		A41C556B208C20260042B46C /* User.storyboard in Resources */ = {isa = PBXBuildFile; fileRef = A41C556A208C20260042B46C /* User.storyboard */; };
		A41C556D208C20580042B46C /* UserDetailsViewController.swift in Sources */ = {isa = PBXBuildFile; fileRef = A41C556C208C20580042B46C /* UserDetailsViewController.swift */; };
		A43C5632208E4DCE00091C7E /* HomeViewController.swift in Sources */ = {isa = PBXBuildFile; fileRef = A43C5631208E4DCE00091C7E /* HomeViewController.swift */; };
		A43F605420917C5C00683AE4 /* ClassDetails.storyboard in Resources */ = {isa = PBXBuildFile; fileRef = A43F605320917C5C00683AE4 /* ClassDetails.storyboard */; };
		A4438F49208FF162009EB059 /* LearnViewController.swift in Sources */ = {isa = PBXBuildFile; fileRef = A4438F48208FF162009EB059 /* LearnViewController.swift */; };
		A4438F4B208FF4BF009EB059 /* ClassTableViewCell.swift in Sources */ = {isa = PBXBuildFile; fileRef = A4438F4A208FF4BF009EB059 /* ClassTableViewCell.swift */; };
		A4438F4D209001E7009EB059 /* ClassModel.swift in Sources */ = {isa = PBXBuildFile; fileRef = A4438F4C209001E7009EB059 /* ClassModel.swift */; };
		A455968620900E5D00360324 /* CategoryModel.swift in Sources */ = {isa = PBXBuildFile; fileRef = A455968520900E5D00360324 /* CategoryModel.swift */; };
		A45E292B208EDD2600B59A8B /* SettingsController.swift in Sources */ = {isa = PBXBuildFile; fileRef = A45E292A208EDD2600B59A8B /* SettingsController.swift */; };
		A4D643D520928DCB00682A83 /* ClassDetailsViewController.swift in Sources */ = {isa = PBXBuildFile; fileRef = A4D643D420928DCB00682A83 /* ClassDetailsViewController.swift */; };
		A4E15D0E208A9261002D02B4 /* AppDelegate.swift in Sources */ = {isa = PBXBuildFile; fileRef = A4E15D0D208A9261002D02B4 /* AppDelegate.swift */; };
		A4E15D15208A9261002D02B4 /* Main.storyboard in Resources */ = {isa = PBXBuildFile; fileRef = A4E15D13208A9261002D02B4 /* Main.storyboard */; };
		A4E15D17208A9262002D02B4 /* Assets.xcassets in Resources */ = {isa = PBXBuildFile; fileRef = A4E15D16208A9262002D02B4 /* Assets.xcassets */; };
		A4E15D1A208A9262002D02B4 /* LaunchScreen.storyboard in Resources */ = {isa = PBXBuildFile; fileRef = A4E15D18208A9262002D02B4 /* LaunchScreen.storyboard */; };
		A4F286142092AB1100BDEDA1 /* UserModel.swift in Sources */ = {isa = PBXBuildFile; fileRef = A4F286132092AB1100BDEDA1 /* UserModel.swift */; };
		A4F9C45C208D4EB3002F09FB /* Home.storyboard in Resources */ = {isa = PBXBuildFile; fileRef = A4F9C45B208D4EB3002F09FB /* Home.storyboard */; };
		A4F9C45E208D5A69002F09FB /* GoogleService-Info.plist in Resources */ = {isa = PBXBuildFile; fileRef = A4F9C45D208D5A69002F09FB /* GoogleService-Info.plist */; };
/* End PBXBuildFile section */

/* Begin PBXFileReference section */
		430ECA7C2097834C00C3D805 /* TeachViewController.swift */ = {isa = PBXFileReference; lastKnownFileType = sourcecode.swift; path = TeachViewController.swift; sourceTree = "<group>"; };
		4338EF2720969D4A006A035F /* MyClassesViewController.swift */ = {isa = PBXFileReference; lastKnownFileType = sourcecode.swift; path = MyClassesViewController.swift; sourceTree = "<group>"; };
		60C65BDE9A780B4EC9D10C6A /* Pods-Mentor.me.debug.xcconfig */ = {isa = PBXFileReference; includeInIndex = 1; lastKnownFileType = text.xcconfig; name = "Pods-Mentor.me.debug.xcconfig"; path = "Pods/Target Support Files/Pods-Mentor.me/Pods-Mentor.me.debug.xcconfig"; sourceTree = "<group>"; };
		82D29C7DB980914682EB642A /* Pods_Mentor_me.framework */ = {isa = PBXFileReference; explicitFileType = wrapper.framework; includeInIndex = 0; path = Pods_Mentor_me.framework; sourceTree = BUILT_PRODUCTS_DIR; };
		A41C555E208BF8EF0042B46C /* SignUpViewController.swift */ = {isa = PBXFileReference; fileEncoding = 4; lastKnownFileType = sourcecode.swift; path = SignUpViewController.swift; sourceTree = "<group>"; };
		A41C5560208BF8F00042B46C /* LoginViewController.swift */ = {isa = PBXFileReference; fileEncoding = 4; lastKnownFileType = sourcecode.swift; path = LoginViewController.swift; sourceTree = "<group>"; };
		A41C5561208BF8F00042B46C /* ResetPasswordViewController.swift */ = {isa = PBXFileReference; fileEncoding = 4; lastKnownFileType = sourcecode.swift; path = ResetPasswordViewController.swift; sourceTree = "<group>"; };
		A41C556A208C20260042B46C /* User.storyboard */ = {isa = PBXFileReference; lastKnownFileType = file.storyboard; path = User.storyboard; sourceTree = "<group>"; };
		A41C556C208C20580042B46C /* UserDetailsViewController.swift */ = {isa = PBXFileReference; lastKnownFileType = sourcecode.swift; path = UserDetailsViewController.swift; sourceTree = "<group>"; };
		A43C5631208E4DCE00091C7E /* HomeViewController.swift */ = {isa = PBXFileReference; lastKnownFileType = sourcecode.swift; path = HomeViewController.swift; sourceTree = "<group>"; };
		A43F605320917C5C00683AE4 /* ClassDetails.storyboard */ = {isa = PBXFileReference; lastKnownFileType = file.storyboard; path = ClassDetails.storyboard; sourceTree = "<group>"; };
		A4438F48208FF162009EB059 /* LearnViewController.swift */ = {isa = PBXFileReference; lastKnownFileType = sourcecode.swift; path = LearnViewController.swift; sourceTree = "<group>"; };
		A4438F4A208FF4BF009EB059 /* ClassTableViewCell.swift */ = {isa = PBXFileReference; lastKnownFileType = sourcecode.swift; path = ClassTableViewCell.swift; sourceTree = "<group>"; };
		A4438F4C209001E7009EB059 /* ClassModel.swift */ = {isa = PBXFileReference; lastKnownFileType = sourcecode.swift; path = ClassModel.swift; sourceTree = "<group>"; };
		A455968520900E5D00360324 /* CategoryModel.swift */ = {isa = PBXFileReference; lastKnownFileType = sourcecode.swift; path = CategoryModel.swift; sourceTree = "<group>"; };
		A45E292A208EDD2600B59A8B /* SettingsController.swift */ = {isa = PBXFileReference; lastKnownFileType = sourcecode.swift; path = SettingsController.swift; sourceTree = "<group>"; };
		A4D643D420928DCB00682A83 /* ClassDetailsViewController.swift */ = {isa = PBXFileReference; lastKnownFileType = sourcecode.swift; path = ClassDetailsViewController.swift; sourceTree = "<group>"; };
		A4E15D0A208A9261002D02B4 /* Mentor.me.app */ = {isa = PBXFileReference; explicitFileType = wrapper.application; includeInIndex = 0; path = Mentor.me.app; sourceTree = BUILT_PRODUCTS_DIR; };
		A4E15D0D208A9261002D02B4 /* AppDelegate.swift */ = {isa = PBXFileReference; lastKnownFileType = sourcecode.swift; path = AppDelegate.swift; sourceTree = "<group>"; };
		A4E15D14208A9261002D02B4 /* Base */ = {isa = PBXFileReference; lastKnownFileType = file.storyboard; name = Base; path = Base.lproj/Main.storyboard; sourceTree = "<group>"; };
		A4E15D16208A9262002D02B4 /* Assets.xcassets */ = {isa = PBXFileReference; lastKnownFileType = folder.assetcatalog; path = Assets.xcassets; sourceTree = "<group>"; };
		A4E15D19208A9262002D02B4 /* Base */ = {isa = PBXFileReference; lastKnownFileType = file.storyboard; name = Base; path = Base.lproj/LaunchScreen.storyboard; sourceTree = "<group>"; };
		A4E15D1B208A9262002D02B4 /* Info.plist */ = {isa = PBXFileReference; lastKnownFileType = text.plist.xml; path = Info.plist; sourceTree = "<group>"; };
		A4F286132092AB1100BDEDA1 /* UserModel.swift */ = {isa = PBXFileReference; lastKnownFileType = sourcecode.swift; path = UserModel.swift; sourceTree = "<group>"; };
		A4F9C45B208D4EB3002F09FB /* Home.storyboard */ = {isa = PBXFileReference; lastKnownFileType = file.storyboard; path = Home.storyboard; sourceTree = "<group>"; };
		A4F9C45D208D5A69002F09FB /* GoogleService-Info.plist */ = {isa = PBXFileReference; fileEncoding = 4; lastKnownFileType = text.plist.xml; path = "GoogleService-Info.plist"; sourceTree = "<group>"; };
		C14267C17E37E7581ACCDAC6 /* Pods-Mentor.me.release.xcconfig */ = {isa = PBXFileReference; includeInIndex = 1; lastKnownFileType = text.xcconfig; name = "Pods-Mentor.me.release.xcconfig"; path = "Pods/Target Support Files/Pods-Mentor.me/Pods-Mentor.me.release.xcconfig"; sourceTree = "<group>"; };
/* End PBXFileReference section */

/* Begin PBXFrameworksBuildPhase section */
		A4E15D07208A9261002D02B4 /* Frameworks */ = {
			isa = PBXFrameworksBuildPhase;
			buildActionMask = 2147483647;
			files = (
				52ADB01597469977E185F654 /* Pods_Mentor_me.framework in Frameworks */,
			);
			runOnlyForDeploymentPostprocessing = 0;
		};
/* End PBXFrameworksBuildPhase section */

/* Begin PBXGroup section */
		0782697F8587F09371A97DE8 /* Frameworks */ = {
			isa = PBXGroup;
			children = (
				82D29C7DB980914682EB642A /* Pods_Mentor_me.framework */,
			);
			name = Frameworks;
			sourceTree = "<group>";
		};
		430ECA7E2097847100C3D805 /* Models */ = {
			isa = PBXGroup;
			children = (
				A455968520900E5D00360324 /* CategoryModel.swift */,
				A4438F4C209001E7009EB059 /* ClassModel.swift */,
				A4F286132092AB1100BDEDA1 /* UserModel.swift */,
			);
			path = Models;
			sourceTree = "<group>";
		};
		430ECA7F2097849000C3D805 /* Views */ = {
			isa = PBXGroup;
			children = (
				A43F605320917C5C00683AE4 /* ClassDetails.storyboard */,
				A4F9C45B208D4EB3002F09FB /* Home.storyboard */,
				A4E15D18208A9262002D02B4 /* LaunchScreen.storyboard */,
				A4E15D13208A9261002D02B4 /* Main.storyboard */,
				A41C556A208C20260042B46C /* User.storyboard */,
			);
			path = Views;
			sourceTree = "<group>";
		};
		430ECA802097849000C3D805 /* Controllers */ = {
			isa = PBXGroup;
			children = (
				A4D643D420928DCB00682A83 /* ClassDetailsViewController.swift */,
				A43C5631208E4DCE00091C7E /* HomeViewController.swift */,
				A4438F48208FF162009EB059 /* LearnViewController.swift */,
				A41C5560208BF8F00042B46C /* LoginViewController.swift */,
				4338EF2720969D4A006A035F /* MyClassesViewController.swift */,
				A41C5561208BF8F00042B46C /* ResetPasswordViewController.swift */,
				A45E292A208EDD2600B59A8B /* SettingsController.swift */,
				A41C555E208BF8EF0042B46C /* SignUpViewController.swift */,
				430ECA7C2097834C00C3D805 /* TeachViewController.swift */,
				A41C556C208C20580042B46C /* UserDetailsViewController.swift */,
			);
			path = Controllers;
			sourceTree = "<group>";
		};
		430ECA812097849000C3D805 /* Custom */ = {
			isa = PBXGroup;
			children = (
				A4438F4A208FF4BF009EB059 /* ClassTableViewCell.swift */,
			);
			path = Custom;
			sourceTree = "<group>";
		};
		A4E15D01208A9261002D02B4 = {
			isa = PBXGroup;
			children = (
				A4E15D0C208A9261002D02B4 /* Mentor.me */,
				A4E15D0B208A9261002D02B4 /* Products */,
				DBD188FAF484CAB58E796EB7 /* Pods */,
				0782697F8587F09371A97DE8 /* Frameworks */,
			);
			sourceTree = "<group>";
		};
		A4E15D0B208A9261002D02B4 /* Products */ = {
			isa = PBXGroup;
			children = (
				A4E15D0A208A9261002D02B4 /* Mentor.me.app */,
			);
			name = Products;
			sourceTree = "<group>";
		};
		A4E15D0C208A9261002D02B4 /* Mentor.me */ = {
			isa = PBXGroup;
			children = (
				A4E15D0D208A9261002D02B4 /* AppDelegate.swift */,
				A4E15D16208A9262002D02B4 /* Assets.xcassets */,
				430ECA802097849000C3D805 /* Controllers */,
				430ECA812097849000C3D805 /* Custom */,
				A4F9C45D208D5A69002F09FB /* GoogleService-Info.plist */,
				A4E15D1B208A9262002D02B4 /* Info.plist */,
				430ECA7E2097847100C3D805 /* Models */,
				430ECA7F2097849000C3D805 /* Views */,
			);
			path = Mentor.me;
			sourceTree = "<group>";
		};
		DBD188FAF484CAB58E796EB7 /* Pods */ = {
			isa = PBXGroup;
			children = (
				60C65BDE9A780B4EC9D10C6A /* Pods-Mentor.me.debug.xcconfig */,
				C14267C17E37E7581ACCDAC6 /* Pods-Mentor.me.release.xcconfig */,
			);
			name = Pods;
			sourceTree = "<group>";
		};
/* End PBXGroup section */

/* Begin PBXNativeTarget section */
		A4E15D09208A9261002D02B4 /* Mentor.me */ = {
			isa = PBXNativeTarget;
			buildConfigurationList = A4E15D1E208A9262002D02B4 /* Build configuration list for PBXNativeTarget "Mentor.me" */;
			buildPhases = (
				C1396C0ADB1B7E6918A4B1E7 /* [CP] Check Pods Manifest.lock */,
				A4E15D06208A9261002D02B4 /* Sources */,
				A4E15D07208A9261002D02B4 /* Frameworks */,
				A4E15D08208A9261002D02B4 /* Resources */,
				526391F882840524F926EA8A /* [CP] Embed Pods Frameworks */,
				EDB89D8091605384F27FE8E9 /* [CP] Copy Pods Resources */,
			);
			buildRules = (
			);
			dependencies = (
			);
			name = Mentor.me;
			productName = Mentor.me;
			productReference = A4E15D0A208A9261002D02B4 /* Mentor.me.app */;
			productType = "com.apple.product-type.application";
		};
/* End PBXNativeTarget section */

/* Begin PBXProject section */
		A4E15D02208A9261002D02B4 /* Project object */ = {
			isa = PBXProject;
			attributes = {
				LastSwiftUpdateCheck = 0930;
				LastUpgradeCheck = 0930;
				ORGANIZATIONNAME = SandeshNaik;
				TargetAttributes = {
					A4E15D09208A9261002D02B4 = {
						CreatedOnToolsVersion = 9.3;
					};
				};
			};
			buildConfigurationList = A4E15D05208A9261002D02B4 /* Build configuration list for PBXProject "Mentor.me" */;
			compatibilityVersion = "Xcode 9.3";
			developmentRegion = en;
			hasScannedForEncodings = 0;
			knownRegions = (
				en,
				Base,
			);
			mainGroup = A4E15D01208A9261002D02B4;
			productRefGroup = A4E15D0B208A9261002D02B4 /* Products */;
			projectDirPath = "";
			projectRoot = "";
			targets = (
				A4E15D09208A9261002D02B4 /* Mentor.me */,
			);
		};
/* End PBXProject section */

/* Begin PBXResourcesBuildPhase section */
		A4E15D08208A9261002D02B4 /* Resources */ = {
			isa = PBXResourcesBuildPhase;
			buildActionMask = 2147483647;
			files = (
				A4E15D1A208A9262002D02B4 /* LaunchScreen.storyboard in Resources */,
				A41C556B208C20260042B46C /* User.storyboard in Resources */,
				A4F9C45C208D4EB3002F09FB /* Home.storyboard in Resources */,
				A4E15D17208A9262002D02B4 /* Assets.xcassets in Resources */,
				A4E15D15208A9261002D02B4 /* Main.storyboard in Resources */,
				A43F605420917C5C00683AE4 /* ClassDetails.storyboard in Resources */,
				A4F9C45E208D5A69002F09FB /* GoogleService-Info.plist in Resources */,
			);
			runOnlyForDeploymentPostprocessing = 0;
		};
/* End PBXResourcesBuildPhase section */

/* Begin PBXShellScriptBuildPhase section */
		526391F882840524F926EA8A /* [CP] Embed Pods Frameworks */ = {
			isa = PBXShellScriptBuildPhase;
			buildActionMask = 2147483647;
			files = (
			);
			inputPaths = (
				"${SRCROOT}/Pods/Target Support Files/Pods-Mentor.me/Pods-Mentor.me-frameworks.sh",
				"${BUILT_PRODUCTS_DIR}/Alamofire/Alamofire.framework",
				"${BUILT_PRODUCTS_DIR}/AlamofireImage/AlamofireImage.framework",
				"${BUILT_PRODUCTS_DIR}/Bolts/Bolts.framework",
				"${BUILT_PRODUCTS_DIR}/BoringSSL/openssl.framework",
				"${BUILT_PRODUCTS_DIR}/DropDown/DropDown.framework",
				"${BUILT_PRODUCTS_DIR}/FBSDKCoreKit/FBSDKCoreKit.framework",
				"${BUILT_PRODUCTS_DIR}/FBSDKLoginKit/FBSDKLoginKit.framework",
				"${BUILT_PRODUCTS_DIR}/GTMOAuth2/GTMOAuth2.framework",
				"${BUILT_PRODUCTS_DIR}/GTMSessionFetcher/GTMSessionFetcher.framework",
				"${BUILT_PRODUCTS_DIR}/GoogleToolboxForMac/GoogleToolboxForMac.framework",
				"${BUILT_PRODUCTS_DIR}/ImagePicker/ImagePicker.framework",
				"${BUILT_PRODUCTS_DIR}/Protobuf/Protobuf.framework",
				"${BUILT_PRODUCTS_DIR}/SDWebImage/SDWebImage.framework",
				"${BUILT_PRODUCTS_DIR}/Toast-Swift/Toast_Swift.framework",
				"${PODS_ROOT}/TwitterCore/iOS/TwitterCore.framework",
				"${PODS_ROOT}/TwitterKit/iOS/TwitterKit.framework",
				"${BUILT_PRODUCTS_DIR}/gRPC/GRPCClient.framework",
				"${BUILT_PRODUCTS_DIR}/gRPC-Core/grpc.framework",
				"${BUILT_PRODUCTS_DIR}/gRPC-ProtoRPC/ProtoRPC.framework",
				"${BUILT_PRODUCTS_DIR}/gRPC-RxLibrary/RxLibrary.framework",
				"${BUILT_PRODUCTS_DIR}/leveldb-library/leveldb.framework",
				"${BUILT_PRODUCTS_DIR}/nanopb/nanopb.framework",
			);
			name = "[CP] Embed Pods Frameworks";
			outputPaths = (
				"${TARGET_BUILD_DIR}/${FRAMEWORKS_FOLDER_PATH}/Alamofire.framework",
				"${TARGET_BUILD_DIR}/${FRAMEWORKS_FOLDER_PATH}/AlamofireImage.framework",
				"${TARGET_BUILD_DIR}/${FRAMEWORKS_FOLDER_PATH}/Bolts.framework",
				"${TARGET_BUILD_DIR}/${FRAMEWORKS_FOLDER_PATH}/openssl.framework",
				"${TARGET_BUILD_DIR}/${FRAMEWORKS_FOLDER_PATH}/DropDown.framework",
				"${TARGET_BUILD_DIR}/${FRAMEWORKS_FOLDER_PATH}/FBSDKCoreKit.framework",
				"${TARGET_BUILD_DIR}/${FRAMEWORKS_FOLDER_PATH}/FBSDKLoginKit.framework",
				"${TARGET_BUILD_DIR}/${FRAMEWORKS_FOLDER_PATH}/GTMOAuth2.framework",
				"${TARGET_BUILD_DIR}/${FRAMEWORKS_FOLDER_PATH}/GTMSessionFetcher.framework",
				"${TARGET_BUILD_DIR}/${FRAMEWORKS_FOLDER_PATH}/GoogleToolboxForMac.framework",
				"${TARGET_BUILD_DIR}/${FRAMEWORKS_FOLDER_PATH}/ImagePicker.framework",
				"${TARGET_BUILD_DIR}/${FRAMEWORKS_FOLDER_PATH}/Protobuf.framework",
				"${TARGET_BUILD_DIR}/${FRAMEWORKS_FOLDER_PATH}/SDWebImage.framework",
				"${TARGET_BUILD_DIR}/${FRAMEWORKS_FOLDER_PATH}/Toast_Swift.framework",
				"${TARGET_BUILD_DIR}/${FRAMEWORKS_FOLDER_PATH}/TwitterCore.framework",
				"${TARGET_BUILD_DIR}/${FRAMEWORKS_FOLDER_PATH}/TwitterKit.framework",
				"${TARGET_BUILD_DIR}/${FRAMEWORKS_FOLDER_PATH}/GRPCClient.framework",
				"${TARGET_BUILD_DIR}/${FRAMEWORKS_FOLDER_PATH}/grpc.framework",
				"${TARGET_BUILD_DIR}/${FRAMEWORKS_FOLDER_PATH}/ProtoRPC.framework",
				"${TARGET_BUILD_DIR}/${FRAMEWORKS_FOLDER_PATH}/RxLibrary.framework",
				"${TARGET_BUILD_DIR}/${FRAMEWORKS_FOLDER_PATH}/leveldb.framework",
				"${TARGET_BUILD_DIR}/${FRAMEWORKS_FOLDER_PATH}/nanopb.framework",
			);
			runOnlyForDeploymentPostprocessing = 0;
			shellPath = /bin/sh;
			shellScript = "\"${SRCROOT}/Pods/Target Support Files/Pods-Mentor.me/Pods-Mentor.me-frameworks.sh\"\n";
			showEnvVarsInLog = 0;
		};
		C1396C0ADB1B7E6918A4B1E7 /* [CP] Check Pods Manifest.lock */ = {
			isa = PBXShellScriptBuildPhase;
			buildActionMask = 2147483647;
			files = (
			);
			inputPaths = (
				"${PODS_PODFILE_DIR_PATH}/Podfile.lock",
				"${PODS_ROOT}/Manifest.lock",
			);
			name = "[CP] Check Pods Manifest.lock";
			outputPaths = (
				"$(DERIVED_FILE_DIR)/Pods-Mentor.me-checkManifestLockResult.txt",
			);
			runOnlyForDeploymentPostprocessing = 0;
			shellPath = /bin/sh;
			shellScript = "diff \"${PODS_PODFILE_DIR_PATH}/Podfile.lock\" \"${PODS_ROOT}/Manifest.lock\" > /dev/null\nif [ $? != 0 ] ; then\n    # print error to STDERR\n    echo \"error: The sandbox is not in sync with the Podfile.lock. Run 'pod install' or update your CocoaPods installation.\" >&2\n    exit 1\nfi\n# This output is used by Xcode 'outputs' to avoid re-running this script phase.\necho \"SUCCESS\" > \"${SCRIPT_OUTPUT_FILE_0}\"\n";
			showEnvVarsInLog = 0;
		};
		EDB89D8091605384F27FE8E9 /* [CP] Copy Pods Resources */ = {
			isa = PBXShellScriptBuildPhase;
			buildActionMask = 2147483647;
			files = (
			);
			inputPaths = (
				"${SRCROOT}/Pods/Target Support Files/Pods-Mentor.me/Pods-Mentor.me-resources.sh",
				"${PODS_CONFIGURATION_BUILD_DIR}/FirebaseUI/FirebaseAuthUI.bundle",
				"${PODS_CONFIGURATION_BUILD_DIR}/FirebaseUI/FirebaseFacebookAuthUI.bundle",
				"${PODS_CONFIGURATION_BUILD_DIR}/FirebaseUI/FirebaseGoogleAuthUI.bundle",
				"${PODS_CONFIGURATION_BUILD_DIR}/FirebaseUI/FirebasePhoneAuthUI.bundle",
				"${PODS_CONFIGURATION_BUILD_DIR}/FirebaseUI/FirebaseTwitterAuthUI.bundle",
				"${PODS_ROOT}/GoogleMaps/Maps/Frameworks/GoogleMaps.framework/Resources/GoogleMaps.bundle",
				"${PODS_ROOT}/GooglePlacePicker/Frameworks/GooglePlacePicker.framework/Resources/GooglePlacePicker.bundle",
				"${PODS_ROOT}/GooglePlaces/Frameworks/GooglePlaces.framework/Resources/GooglePlaces.bundle",
				"${PODS_ROOT}/GoogleSignIn/Resources/GoogleSignIn.bundle",
				"${PODS_ROOT}/TwitterKit/iOS/TwitterKit.framework/TwitterKitResources.bundle",
				"${PODS_ROOT}/TwitterKit/iOS/TwitterKit.framework/TwitterShareExtensionUIResources.bundle",
			);
			name = "[CP] Copy Pods Resources";
			outputPaths = (
				"${TARGET_BUILD_DIR}/${UNLOCALIZED_RESOURCES_FOLDER_PATH}/FirebaseAuthUI.bundle",
				"${TARGET_BUILD_DIR}/${UNLOCALIZED_RESOURCES_FOLDER_PATH}/FirebaseFacebookAuthUI.bundle",
				"${TARGET_BUILD_DIR}/${UNLOCALIZED_RESOURCES_FOLDER_PATH}/FirebaseGoogleAuthUI.bundle",
				"${TARGET_BUILD_DIR}/${UNLOCALIZED_RESOURCES_FOLDER_PATH}/FirebasePhoneAuthUI.bundle",
				"${TARGET_BUILD_DIR}/${UNLOCALIZED_RESOURCES_FOLDER_PATH}/FirebaseTwitterAuthUI.bundle",
				"${TARGET_BUILD_DIR}/${UNLOCALIZED_RESOURCES_FOLDER_PATH}/GoogleMaps.bundle",
				"${TARGET_BUILD_DIR}/${UNLOCALIZED_RESOURCES_FOLDER_PATH}/GooglePlacePicker.bundle",
				"${TARGET_BUILD_DIR}/${UNLOCALIZED_RESOURCES_FOLDER_PATH}/GooglePlaces.bundle",
				"${TARGET_BUILD_DIR}/${UNLOCALIZED_RESOURCES_FOLDER_PATH}/GoogleSignIn.bundle",
				"${TARGET_BUILD_DIR}/${UNLOCALIZED_RESOURCES_FOLDER_PATH}/TwitterKitResources.bundle",
				"${TARGET_BUILD_DIR}/${UNLOCALIZED_RESOURCES_FOLDER_PATH}/TwitterShareExtensionUIResources.bundle",
			);
			runOnlyForDeploymentPostprocessing = 0;
			shellPath = /bin/sh;
			shellScript = "\"${SRCROOT}/Pods/Target Support Files/Pods-Mentor.me/Pods-Mentor.me-resources.sh\"\n";
			showEnvVarsInLog = 0;
		};
/* End PBXShellScriptBuildPhase section */

/* Begin PBXSourcesBuildPhase section */
		A4E15D06208A9261002D02B4 /* Sources */ = {
			isa = PBXSourcesBuildPhase;
			buildActionMask = 2147483647;
			files = (
				A41C5564208BF8F00042B46C /* LoginViewController.swift in Sources */,
				A41C556D208C20580042B46C /* UserDetailsViewController.swift in Sources */,
				A4E15D0E208A9261002D02B4 /* AppDelegate.swift in Sources */,
				A45E292B208EDD2600B59A8B /* SettingsController.swift in Sources */,
				A4D643D520928DCB00682A83 /* ClassDetailsViewController.swift in Sources */,
				A4F286142092AB1100BDEDA1 /* UserModel.swift in Sources */,
				A43C5632208E4DCE00091C7E /* HomeViewController.swift in Sources */,
				A4438F49208FF162009EB059 /* LearnViewController.swift in Sources */,
				A41C5562208BF8F00042B46C /* SignUpViewController.swift in Sources */,
				A455968620900E5D00360324 /* CategoryModel.swift in Sources */,
				430ECA7D2097834C00C3D805 /* TeachViewController.swift in Sources */,
				A41C5565208BF8F00042B46C /* ResetPasswordViewController.swift in Sources */,
				4338EF2820969D4A006A035F /* MyClassesViewController.swift in Sources */,
				A4438F4D209001E7009EB059 /* ClassModel.swift in Sources */,
				A4438F4B208FF4BF009EB059 /* ClassTableViewCell.swift in Sources */,
			);
			runOnlyForDeploymentPostprocessing = 0;
		};
/* End PBXSourcesBuildPhase section */

/* Begin PBXVariantGroup section */
		A4E15D13208A9261002D02B4 /* Main.storyboard */ = {
			isa = PBXVariantGroup;
			children = (
				A4E15D14208A9261002D02B4 /* Base */,
			);
			name = Main.storyboard;
			sourceTree = "<group>";
		};
		A4E15D18208A9262002D02B4 /* LaunchScreen.storyboard */ = {
			isa = PBXVariantGroup;
			children = (
				A4E15D19208A9262002D02B4 /* Base */,
			);
			name = LaunchScreen.storyboard;
			sourceTree = "<group>";
		};
/* End PBXVariantGroup section */

/* Begin XCBuildConfiguration section */
		A4E15D1C208A9262002D02B4 /* Debug */ = {
			isa = XCBuildConfiguration;
			buildSettings = {
				ALWAYS_SEARCH_USER_PATHS = NO;
				CLANG_ANALYZER_NONNULL = YES;
				CLANG_ANALYZER_NUMBER_OBJECT_CONVERSION = YES_AGGRESSIVE;
				CLANG_CXX_LANGUAGE_STANDARD = "gnu++14";
				CLANG_CXX_LIBRARY = "libc++";
				CLANG_ENABLE_MODULES = YES;
				CLANG_ENABLE_OBJC_ARC = YES;
				CLANG_ENABLE_OBJC_WEAK = YES;
				CLANG_WARN_BLOCK_CAPTURE_AUTORELEASING = YES;
				CLANG_WARN_BOOL_CONVERSION = YES;
				CLANG_WARN_COMMA = YES;
				CLANG_WARN_CONSTANT_CONVERSION = YES;
				CLANG_WARN_DEPRECATED_OBJC_IMPLEMENTATIONS = YES;
				CLANG_WARN_DIRECT_OBJC_ISA_USAGE = YES_ERROR;
				CLANG_WARN_DOCUMENTATION_COMMENTS = YES;
				CLANG_WARN_EMPTY_BODY = YES;
				CLANG_WARN_ENUM_CONVERSION = YES;
				CLANG_WARN_INFINITE_RECURSION = YES;
				CLANG_WARN_INT_CONVERSION = YES;
				CLANG_WARN_NON_LITERAL_NULL_CONVERSION = YES;
				CLANG_WARN_OBJC_IMPLICIT_RETAIN_SELF = YES;
				CLANG_WARN_OBJC_LITERAL_CONVERSION = YES;
				CLANG_WARN_OBJC_ROOT_CLASS = YES_ERROR;
				CLANG_WARN_RANGE_LOOP_ANALYSIS = YES;
				CLANG_WARN_STRICT_PROTOTYPES = YES;
				CLANG_WARN_SUSPICIOUS_MOVE = YES;
				CLANG_WARN_UNGUARDED_AVAILABILITY = YES_AGGRESSIVE;
				CLANG_WARN_UNREACHABLE_CODE = YES;
				CLANG_WARN__DUPLICATE_METHOD_MATCH = YES;
				CODE_SIGN_IDENTITY = "iPhone Developer";
				COPY_PHASE_STRIP = NO;
				DEBUG_INFORMATION_FORMAT = dwarf;
				ENABLE_STRICT_OBJC_MSGSEND = YES;
				ENABLE_TESTABILITY = YES;
				GCC_C_LANGUAGE_STANDARD = gnu11;
				GCC_DYNAMIC_NO_PIC = NO;
				GCC_NO_COMMON_BLOCKS = YES;
				GCC_OPTIMIZATION_LEVEL = 0;
				GCC_PREPROCESSOR_DEFINITIONS = (
					"DEBUG=1",
					"$(inherited)",
				);
				GCC_WARN_64_TO_32_BIT_CONVERSION = YES;
				GCC_WARN_ABOUT_RETURN_TYPE = YES_ERROR;
				GCC_WARN_UNDECLARED_SELECTOR = YES;
				GCC_WARN_UNINITIALIZED_AUTOS = YES_AGGRESSIVE;
				GCC_WARN_UNUSED_FUNCTION = YES;
				GCC_WARN_UNUSED_VARIABLE = YES;
				IPHONEOS_DEPLOYMENT_TARGET = 11.3;
				MTL_ENABLE_DEBUG_INFO = YES;
				ONLY_ACTIVE_ARCH = YES;
				SDKROOT = iphoneos;
				SWIFT_ACTIVE_COMPILATION_CONDITIONS = DEBUG;
				SWIFT_OPTIMIZATION_LEVEL = "-Onone";
			};
			name = Debug;
		};
		A4E15D1D208A9262002D02B4 /* Release */ = {
			isa = XCBuildConfiguration;
			buildSettings = {
				ALWAYS_SEARCH_USER_PATHS = NO;
				CLANG_ANALYZER_NONNULL = YES;
				CLANG_ANALYZER_NUMBER_OBJECT_CONVERSION = YES_AGGRESSIVE;
				CLANG_CXX_LANGUAGE_STANDARD = "gnu++14";
				CLANG_CXX_LIBRARY = "libc++";
				CLANG_ENABLE_MODULES = YES;
				CLANG_ENABLE_OBJC_ARC = YES;
				CLANG_ENABLE_OBJC_WEAK = YES;
				CLANG_WARN_BLOCK_CAPTURE_AUTORELEASING = YES;
				CLANG_WARN_BOOL_CONVERSION = YES;
				CLANG_WARN_COMMA = YES;
				CLANG_WARN_CONSTANT_CONVERSION = YES;
				CLANG_WARN_DEPRECATED_OBJC_IMPLEMENTATIONS = YES;
				CLANG_WARN_DIRECT_OBJC_ISA_USAGE = YES_ERROR;
				CLANG_WARN_DOCUMENTATION_COMMENTS = YES;
				CLANG_WARN_EMPTY_BODY = YES;
				CLANG_WARN_ENUM_CONVERSION = YES;
				CLANG_WARN_INFINITE_RECURSION = YES;
				CLANG_WARN_INT_CONVERSION = YES;
				CLANG_WARN_NON_LITERAL_NULL_CONVERSION = YES;
				CLANG_WARN_OBJC_IMPLICIT_RETAIN_SELF = YES;
				CLANG_WARN_OBJC_LITERAL_CONVERSION = YES;
				CLANG_WARN_OBJC_ROOT_CLASS = YES_ERROR;
				CLANG_WARN_RANGE_LOOP_ANALYSIS = YES;
				CLANG_WARN_STRICT_PROTOTYPES = YES;
				CLANG_WARN_SUSPICIOUS_MOVE = YES;
				CLANG_WARN_UNGUARDED_AVAILABILITY = YES_AGGRESSIVE;
				CLANG_WARN_UNREACHABLE_CODE = YES;
				CLANG_WARN__DUPLICATE_METHOD_MATCH = YES;
				CODE_SIGN_IDENTITY = "iPhone Developer";
				COPY_PHASE_STRIP = NO;
				DEBUG_INFORMATION_FORMAT = "dwarf-with-dsym";
				ENABLE_NS_ASSERTIONS = NO;
				ENABLE_STRICT_OBJC_MSGSEND = YES;
				GCC_C_LANGUAGE_STANDARD = gnu11;
				GCC_NO_COMMON_BLOCKS = YES;
				GCC_WARN_64_TO_32_BIT_CONVERSION = YES;
				GCC_WARN_ABOUT_RETURN_TYPE = YES_ERROR;
				GCC_WARN_UNDECLARED_SELECTOR = YES;
				GCC_WARN_UNINITIALIZED_AUTOS = YES_AGGRESSIVE;
				GCC_WARN_UNUSED_FUNCTION = YES;
				GCC_WARN_UNUSED_VARIABLE = YES;
				IPHONEOS_DEPLOYMENT_TARGET = 11.3;
				MTL_ENABLE_DEBUG_INFO = NO;
				SDKROOT = iphoneos;
				SWIFT_COMPILATION_MODE = wholemodule;
				SWIFT_OPTIMIZATION_LEVEL = "-O";
				VALIDATE_PRODUCT = YES;
			};
			name = Release;
		};
		A4E15D1F208A9262002D02B4 /* Debug */ = {
			isa = XCBuildConfiguration;
			baseConfigurationReference = 60C65BDE9A780B4EC9D10C6A /* Pods-Mentor.me.debug.xcconfig */;
			buildSettings = {
				ASSETCATALOG_COMPILER_APPICON_NAME = AppIcon;
				CODE_SIGN_STYLE = Automatic;
				INFOPLIST_FILE = Mentor.me/Info.plist;
				LD_RUNPATH_SEARCH_PATHS = (
					"$(inherited)",
					"@executable_path/Frameworks",
				);
				PRODUCT_BUNDLE_IDENTIFIER = "SandeshNaik.Mentor-me";
				PRODUCT_NAME = "$(TARGET_NAME)";
				SWIFT_VERSION = 4.0;
				TARGETED_DEVICE_FAMILY = "1,2";
			};
			name = Debug;
		};
		A4E15D20208A9262002D02B4 /* Release */ = {
			isa = XCBuildConfiguration;
			baseConfigurationReference = C14267C17E37E7581ACCDAC6 /* Pods-Mentor.me.release.xcconfig */;
			buildSettings = {
				ASSETCATALOG_COMPILER_APPICON_NAME = AppIcon;
				CODE_SIGN_STYLE = Automatic;
				INFOPLIST_FILE = Mentor.me/Info.plist;
				LD_RUNPATH_SEARCH_PATHS = (
					"$(inherited)",
					"@executable_path/Frameworks",
				);
				PRODUCT_BUNDLE_IDENTIFIER = "SandeshNaik.Mentor-me";
				PRODUCT_NAME = "$(TARGET_NAME)";
				SWIFT_VERSION = 4.0;
				TARGETED_DEVICE_FAMILY = "1,2";
			};
			name = Release;
		};
/* End XCBuildConfiguration section */

/* Begin XCConfigurationList section */
		A4E15D05208A9261002D02B4 /* Build configuration list for PBXProject "Mentor.me" */ = {
			isa = XCConfigurationList;
			buildConfigurations = (
				A4E15D1C208A9262002D02B4 /* Debug */,
				A4E15D1D208A9262002D02B4 /* Release */,
			);
			defaultConfigurationIsVisible = 0;
			defaultConfigurationName = Release;
		};
		A4E15D1E208A9262002D02B4 /* Build configuration list for PBXNativeTarget "Mentor.me" */ = {
			isa = XCConfigurationList;
			buildConfigurations = (
				A4E15D1F208A9262002D02B4 /* Debug */,
				A4E15D20208A9262002D02B4 /* Release */,
			);
			defaultConfigurationIsVisible = 0;
			defaultConfigurationName = Release;
		};
/* End XCConfigurationList section */
	};
	rootObject = A4E15D02208A9261002D02B4 /* Project object */;
}
